# THIS IS AN AUTOGENERATED FILE. DO NOT EDIT THIS FILE DIRECTLY.
# yarn lockfile v1


"@prisma/client@^4.16.2":
  version "4.16.2"
  resolved "https://registry.yarnpkg.com/@prisma/client/-/client-4.16.2.tgz#3bb9ebd49b35c8236b3d468d0215192267016e2b"
  integrity sha512-qCoEyxv1ZrQ4bKy39GnylE8Zq31IRmm8bNhNbZx7bF2cU5aiCCnSa93J2imF88MBjn7J9eUQneNxUQVJdl/rPQ==
  dependencies:
    "@prisma/engines-version" "4.16.1-1.4bc8b6e1b66cb932731fb1bdbbc550d1e010de81"

"@prisma/engines-version@4.16.1-1.4bc8b6e1b66cb932731fb1bdbbc550d1e010de81":
  version "4.16.1-1.4bc8b6e1b66cb932731fb1bdbbc550d1e010de81"
  resolved "https://registry.yarnpkg.com/@prisma/engines-version/-/engines-version-4.16.1-1.4bc8b6e1b66cb932731fb1bdbbc550d1e010de81.tgz#d3b5dcf95b6d220e258cbf6ae19b06d30a7e9f14"
  integrity sha512-q617EUWfRIDTriWADZ4YiWRZXCa/WuhNgLTVd+HqWLffjMSPzyM5uOWoauX91wvQClSKZU4pzI4JJLQ9Kl62Qg==

"@prisma/engines@5.6.0":
  version "5.6.0"
  resolved "https://registry.yarnpkg.com/@prisma/engines/-/engines-5.6.0.tgz#82c445aa10633bbc0388aa2d6e411a0bd94c9439"
  integrity sha512-Mt2q+GNJpU2vFn6kif24oRSBQv1KOkYaterQsi0k2/lA+dLvhRX6Lm26gon6PYHwUM8/h8KRgXIUMU0PCLB6bw==

prisma@^5.1.0:
  version "5.6.0"
  resolved "https://registry.yarnpkg.com/prisma/-/prisma-5.6.0.tgz#ae2c27fdfb4d53be7f7dafb50d6b8b7f55c93aa5"
  integrity sha512-EEaccku4ZGshdr2cthYHhf7iyvCcXqwJDvnoQRAJg5ge2Tzpv0e2BaMCp+CbbDUwoVTzwgOap9Zp+d4jFa2O9A==
  dependencies:
    "@prisma/engines" "5.6.0"
