// !$*UTF8*$!
{
	archiveVersion = 1;
	classes = {
	};
	objectVersion = 77;
	objects = {

/* Begin PBXBuildFile section */
		65E051CD2F9AFEE100628D48 /* AppDelegate.swift in Sources */ = {isa = PBXBuildFile; fileRef = 65E051CC2F9AFEE100628D48 /* AppDelegate.swift */; };
		65E051D12F9AFEE200628D48 /* Main.html in Resources */ = {isa = PBXBuildFile; fileRef = 65E051CF2F9AFEE100628D48 /* Main.html */; };
		65E051D32F9AFEE200628D48 /* Icon.png in Resources */ = {isa = PBXBuildFile; fileRef = 65E051D22F9AFEE200628D48 /* Icon.png */; };
		65E051D52F9AFEE200628D48 /* Style.css in Resources */ = {isa = PBXBuildFile; fileRef = 65E051D42F9AFEE200628D48 /* Style.css */; };
		65E051D72F9AFEE200628D48 /* Script.js in Resources */ = {isa = PBXBuildFile; fileRef = 65E051D62F9AFEE200628D48 /* Script.js */; };
		65E051D92F9AFEE200628D48 /* ViewController.swift in Sources */ = {isa = PBXBuildFile; fileRef = 65E051D82F9AFEE200628D48 /* ViewController.swift */; };
		65E051DC2F9AFEE200628D48 /* Main.storyboard in Resources */ = {isa = PBXBuildFile; fileRef = 65E051DA2F9AFEE200628D48 /* Main.storyboard */; };
		65E051DE2F9AFEE300628D48 /* Assets.xcassets in Resources */ = {isa = PBXBuildFile; fileRef = 65E051DD2F9AFEE300628D48 /* Assets.xcassets */; };
		65E051E52F9AFEE300628D48 /* Linkwarden Extension.appex in Embed Foundation Extensions */ = {isa = PBXBuildFile; fileRef = 65E051E42F9AFEE300628D48 /* Linkwarden Extension.appex */; settings = {ATTRIBUTES = (RemoveHeadersOnCopy, ); }; };
		65E051EA2F9AFEE300628D48 /* SafariWebExtensionHandler.swift in Sources */ = {isa = PBXBuildFile; fileRef = 65E051E92F9AFEE300628D48 /* SafariWebExtensionHandler.swift */; };
		65E052012F9AFEE300628D48 /* 48.png in Resources */ = {isa = PBXBuildFile; fileRef = 65E051F62F9AFEE300628D48 /* 48.png */; };
		65E052022F9AFEE300628D48 /* index.html in Resources */ = {isa = PBXBuildFile; fileRef = 65E051F72F9AFEE300628D48 /* index.html */; };
		65E052032F9AFEE300628D48 /* background.js in Resources */ = {isa = PBXBuildFile; fileRef = 65E051F82F9AFEE300628D48 /* background.js */; };
		65E052042F9AFEE300628D48 /* 128.png in Resources */ = {isa = PBXBuildFile; fileRef = 65E051F92F9AFEE300628D48 /* 128.png */; };
		65E052052F9AFEE300628D48 /* options.js in Resources */ = {isa = PBXBuildFile; fileRef = 65E051FA2F9AFEE300628D48 /* options.js */; };
		65E052062F9AFEE300628D48 /* 16.png in Resources */ = {isa = PBXBuildFile; fileRef = 65E051FB2F9AFEE300628D48 /* 16.png */; };
		65E052072F9AFEE300628D48 /* main.js in Resources */ = {isa = PBXBuildFile; fileRef = 65E051FC2F9AFEE300628D48 /* main.js */; };
		65E052082F9AFEE300628D48 /* 32.png in Resources */ = {isa = PBXBuildFile; fileRef = 65E051FD2F9AFEE300628D48 /* 32.png */; };
		65E052092F9AFEE300628D48 /* manifest.json in Resources */ = {isa = PBXBuildFile; fileRef = 65E051FE2F9AFEE300628D48 /* manifest.json */; };
		65E0520A2F9AFEE300628D48 /* assets in Resources */ = {isa = PBXBuildFile; fileRef = 65E051FF2F9AFEE300628D48 /* assets */; };
		65E0520B2F9AFEE300628D48 /* src in Resources */ = {isa = PBXBuildFile; fileRef = 65E052002F9AFEE300628D48 /* src */; };
/* End PBXBuildFile section */

/* Begin PBXContainerItemProxy section */
		65E051E62F9AFEE300628D48 /* PBXContainerItemProxy */ = {
			isa = PBXContainerItemProxy;
			containerPortal = 65E051C12F9AFEE100628D48 /* Project object */;
			proxyType = 1;
			remoteGlobalIDString = 65E051E32F9AFEE300628D48;
			remoteInfo = "Linkwarden Extension";
		};
/* End PBXContainerItemProxy section */

/* Begin PBXCopyFilesBuildPhase section */
		65E051F12F9AFEE300628D48 /* Embed Foundation Extensions */ = {
			isa = PBXCopyFilesBuildPhase;
			buildActionMask = 2147483647;
			dstPath = "";
			dstSubfolderSpec = 13;
			files = (
				65E051E52F9AFEE300628D48 /* Linkwarden Extension.appex in Embed Foundation Extensions */,
			);
			name = "Embed Foundation Extensions";
			runOnlyForDeploymentPostprocessing = 0;
		};
/* End PBXCopyFilesBuildPhase section */

/* Begin PBXFileReference section */
		65E051C92F9AFEE100628D48 /* Linkwarden for Safari.app */ = {isa = PBXFileReference; explicitFileType = wrapper.application; includeInIndex = 0; path = "Linkwarden for Safari.app"; sourceTree = BUILT_PRODUCTS_DIR; };
		65E051CC2F9AFEE100628D48 /* AppDelegate.swift */ = {isa = PBXFileReference; lastKnownFileType = sourcecode.swift; path = AppDelegate.swift; sourceTree = "<group>"; };
		65E051D02F9AFEE100628D48 /* Base */ = {isa = PBXFileReference; lastKnownFileType = text.html; name = Base; path = Base.lproj/Main.html; sourceTree = "<group>"; };
		65E051D22F9AFEE200628D48 /* Icon.png */ = {isa = PBXFileReference; lastKnownFileType = image.png; path = Icon.png; sourceTree = "<group>"; };
		65E051D42F9AFEE200628D48 /* Style.css */ = {isa = PBXFileReference; lastKnownFileType = text.css; path = Style.css; sourceTree = "<group>"; };
		65E051D62F9AFEE200628D48 /* Script.js */ = {isa = PBXFileReference; lastKnownFileType = sourcecode.javascript; path = Script.js; sourceTree = "<group>"; };
		65E051D82F9AFEE200628D48 /* ViewController.swift */ = {isa = PBXFileReference; lastKnownFileType = sourcecode.swift; path = ViewController.swift; sourceTree = "<group>"; };
		65E051DB2F9AFEE200628D48 /* Base */ = {isa = PBXFileReference; lastKnownFileType = file.storyboard; name = Base; path = Base.lproj/Main.storyboard; sourceTree = "<group>"; };
		65E051DD2F9AFEE300628D48 /* Assets.xcassets */ = {isa = PBXFileReference; lastKnownFileType = folder.assetcatalog; path = Assets.xcassets; sourceTree = "<group>"; };
		65E051DF2F9AFEE300628D48 /* Info.plist */ = {isa = PBXFileReference; lastKnownFileType = text.plist.xml; path = Info.plist; sourceTree = "<group>"; };
		65E051E42F9AFEE300628D48 /* Linkwarden Extension.appex */ = {isa = PBXFileReference; explicitFileType = "wrapper.app-extension"; includeInIndex = 0; path = "Linkwarden Extension.appex"; sourceTree = BUILT_PRODUCTS_DIR; };
		65E051E92F9AFEE300628D48 /* SafariWebExtensionHandler.swift */ = {isa = PBXFileReference; lastKnownFileType = sourcecode.swift; path = SafariWebExtensionHandler.swift; sourceTree = "<group>"; };
		65E051EB2F9AFEE300628D48 /* Info.plist */ = {isa = PBXFileReference; lastKnownFileType = text.plist.xml; path = Info.plist; sourceTree = "<group>"; };
		65E051F62F9AFEE300628D48 /* 48.png */ = {isa = PBXFileReference; lastKnownFileType = image.png; name = 48.png; path = "../../../dist-safari/48.png"; sourceTree = "<group>"; };
		65E051F72F9AFEE300628D48 /* index.html */ = {isa = PBXFileReference; lastKnownFileType = text.html; name = index.html; path = "../../../dist-safari/index.html"; sourceTree = "<group>"; };
		65E051F82F9AFEE300628D48 /* background.js */ = {isa = PBXFileReference; lastKnownFileType = sourcecode.javascript; name = background.js; path = "../../../dist-safari/background.js"; sourceTree = "<group>"; };
		65E051F92F9AFEE300628D48 /* 128.png */ = {isa = PBXFileReference; lastKnownFileType = image.png; name = 128.png; path = "../../../dist-safari/128.png"; sourceTree = "<group>"; };
		65E051FA2F9AFEE300628D48 /* options.js */ = {isa = PBXFileReference; lastKnownFileType = sourcecode.javascript; name = options.js; path = "../../../dist-safari/options.js"; sourceTree = "<group>"; };
		65E051FB2F9AFEE300628D48 /* 16.png */ = {isa = PBXFileReference; lastKnownFileType = image.png; name = 16.png; path = "../../../dist-safari/16.png"; sourceTree = "<group>"; };
		65E051FC2F9AFEE300628D48 /* main.js */ = {isa = PBXFileReference; lastKnownFileType = sourcecode.javascript; name = main.js; path = "../../../dist-safari/main.js"; sourceTree = "<group>"; };
		65E051FD2F9AFEE300628D48 /* 32.png */ = {isa = PBXFileReference; lastKnownFileType = image.png; name = 32.png; path = "../../../dist-safari/32.png"; sourceTree = "<group>"; };
		65E051FE2F9AFEE300628D48 /* manifest.json */ = {isa = PBXFileReference; lastKnownFileType = text.json; name = manifest.json; path = "../../../dist-safari/manifest.json"; sourceTree = "<group>"; };
		65E051FF2F9AFEE300628D48 /* assets */ = {isa = PBXFileReference; lastKnownFileType = folder; name = assets; path = "../../../dist-safari/assets"; sourceTree = "<group>"; };
		65E052002F9AFEE300628D48 /* src */ = {isa = PBXFileReference; lastKnownFileType = folder; name = src; path = "../../../dist-safari/src"; sourceTree = "<group>"; };
/* End PBXFileReference section */

/* Begin PBXFrameworksBuildPhase section */
		65E051C62F9AFEE100628D48 /* Frameworks */ = {
			isa = PBXFrameworksBuildPhase;
			buildActionMask = 2147483647;
			files = (
			);
			runOnlyForDeploymentPostprocessing = 0;
		};
		65E051E12F9AFEE300628D48 /* Frameworks */ = {
			isa = PBXFrameworksBuildPhase;
			buildActionMask = 2147483647;
			files = (
			);
			runOnlyForDeploymentPostprocessing = 0;
		};
/* End PBXFrameworksBuildPhase section */

/* Begin PBXGroup section */
		65E051C02F9AFEE100628D48 = {
			isa = PBXGroup;
			children = (
				65E051CB2F9AFEE100628D48 /* Linkwarden */,
				65E051E82F9AFEE300628D48 /* Linkwarden Extension */,
				65E051CA2F9AFEE100628D48 /* Products */,
			);
			sourceTree = "<group>";
		};
		65E051CA2F9AFEE100628D48 /* Products */ = {
			isa = PBXGroup;
			children = (
				65E051C92F9AFEE100628D48 /* Linkwarden for Safari.app */,
				65E051E42F9AFEE300628D48 /* Linkwarden Extension.appex */,
			);
			name = Products;
			sourceTree = "<group>";
		};
		65E051CB2F9AFEE100628D48 /* Linkwarden */ = {
			isa = PBXGroup;
			children = (
				65E051CC2F9AFEE100628D48 /* AppDelegate.swift */,
				65E051D82F9AFEE200628D48 /* ViewController.swift */,
				65E051DA2F9AFEE200628D48 /* Main.storyboard */,
				65E051DD2F9AFEE300628D48 /* Assets.xcassets */,
				65E051DF2F9AFEE300628D48 /* Info.plist */,
				65E051CE2F9AFEE100628D48 /* Resources */,
			);
			path = Linkwarden;
			sourceTree = "<group>";
		};
		65E051CE2F9AFEE100628D48 /* Resources */ = {
			isa = PBXGroup;
			children = (
				65E051CF2F9AFEE100628D48 /* Main.html */,
				65E051D22F9AFEE200628D48 /* Icon.png */,
				65E051D42F9AFEE200628D48 /* Style.css */,
				65E051D62F9AFEE200628D48 /* Script.js */,
			);
			path = Resources;
			sourceTree = "<group>";
		};
		65E051E82F9AFEE300628D48 /* Linkwarden Extension */ = {
			isa = PBXGroup;
			children = (
				65E051F52F9AFEE300628D48 /* Resources */,
				65E051E92F9AFEE300628D48 /* SafariWebExtensionHandler.swift */,
				65E051EB2F9AFEE300628D48 /* Info.plist */,
			);
			path = "Linkwarden Extension";
			sourceTree = "<group>";
		};
		65E051F52F9AFEE300628D48 /* Resources */ = {
			isa = PBXGroup;
			children = (
				65E051F62F9AFEE300628D48 /* 48.png */,
				65E051F72F9AFEE300628D48 /* index.html */,
				65E051F82F9AFEE300628D48 /* background.js */,
				65E051F92F9AFEE300628D48 /* 128.png */,
				65E051FA2F9AFEE300628D48 /* options.js */,
				65E051FB2F9AFEE300628D48 /* 16.png */,
				65E051FC2F9AFEE300628D48 /* main.js */,
				65E051FD2F9AFEE300628D48 /* 32.png */,
				65E051FE2F9AFEE300628D48 /* manifest.json */,
				65E051FF2F9AFEE300628D48 /* assets */,
				65E052002F9AFEE300628D48 /* src */,
			);
			name = Resources;
			path = "Linkwarden Extension";
			sourceTree = SOURCE_ROOT;
		};
/* End PBXGroup section */

/* Begin PBXNativeTarget section */
		65E051C82F9AFEE100628D48 /* Linkwarden for Safari */ = {
			isa = PBXNativeTarget;
			buildConfigurationList = 65E051F22F9AFEE300628D48 /* Build configuration list for PBXNativeTarget "Linkwarden for Safari" */;
			buildPhases = (
				65E051C52F9AFEE100628D48 /* Sources */,
				65E051C62F9AFEE100628D48 /* Frameworks */,
				65E051C72F9AFEE100628D48 /* Resources */,
				65E051F12F9AFEE300628D48 /* Embed Foundation Extensions */,
			);
			buildRules = (
			);
			dependencies = (
				65E051E72F9AFEE300628D48 /* PBXTargetDependency */,
			);
			name = "Linkwarden for Safari";
			packageProductDependencies = (
			);
			productName = Linkwarden;
			productReference = 65E051C92F9AFEE100628D48 /* Linkwarden for Safari.app */;
			productType = "com.apple.product-type.application";
		};
		65E051E32F9AFEE300628D48 /* Linkwarden Extension */ = {
			isa = PBXNativeTarget;
			buildConfigurationList = 65E051EE2F9AFEE300628D48 /* Build configuration list for PBXNativeTarget "Linkwarden Extension" */;
			buildPhases = (
				65E051E02F9AFEE300628D48 /* Sources */,
				65E051E12F9AFEE300628D48 /* Frameworks */,
				65E051E22F9AFEE300628D48 /* Resources */,
			);
			buildRules = (
			);
			dependencies = (
			);
			name = "Linkwarden Extension";
			packageProductDependencies = (
			);
			productName = "Linkwarden Extension";
			productReference = 65E051E42F9AFEE300628D48 /* Linkwarden Extension.appex */;
			productType = "com.apple.product-type.app-extension";
		};
/* End PBXNativeTarget section */

/* Begin PBXProject section */
		65E051C12F9AFEE100628D48 /* Project object */ = {
			isa = PBXProject;
			attributes = {
				BuildIndependentTargetsInParallel = 1;
				LastSwiftUpdateCheck = 2610;
				LastUpgradeCheck = 2610;
				TargetAttributes = {
					65E051C82F9AFEE100628D48 = {
						CreatedOnToolsVersion = 26.1;
					};
					65E051E32F9AFEE300628D48 = {
						CreatedOnToolsVersion = 26.1;
					};
				};
			};
			buildConfigurationList = 65E051C42F9AFEE100628D48 /* Build configuration list for PBXProject "Linkwarden" */;
			developmentRegion = en;
			hasScannedForEncodings = 0;
			knownRegions = (
				en,
				Base,
			);
			mainGroup = 65E051C02F9AFEE100628D48;
			minimizedProjectReferenceProxies = 1;
			preferredProjectObjectVersion = 77;
			productRefGroup = 65E051CA2F9AFEE100628D48 /* Products */;
			projectDirPath = "";
			projectRoot = "";
			targets = (
				65E051C82F9AFEE100628D48 /* Linkwarden for Safari */,
				65E051E32F9AFEE300628D48 /* Linkwarden Extension */,
			);
		};
/* End PBXProject section */

/* Begin PBXResourcesBuildPhase section */
		65E051C72F9AFEE100628D48 /* Resources */ = {
			isa = PBXResourcesBuildPhase;
			buildActionMask = 2147483647;
			files = (
				65E051D32F9AFEE200628D48 /* Icon.png in Resources */,
				65E051DC2F9AFEE200628D48 /* Main.storyboard in Resources */,
				65E051D72F9AFEE200628D48 /* Script.js in Resources */,
				65E051D12F9AFEE200628D48 /* Main.html in Resources */,
				65E051DE2F9AFEE300628D48 /* Assets.xcassets in Resources */,
				65E051D52F9AFEE200628D48 /* Style.css in Resources */,
			);
			runOnlyForDeploymentPostprocessing = 0;
		};
		65E051E22F9AFEE300628D48 /* Resources */ = {
			isa = PBXResourcesBuildPhase;
			buildActionMask = 2147483647;
			files = (
				65E052012F9AFEE300628D48 /* 48.png in Resources */,
				65E052042F9AFEE300628D48 /* 128.png in Resources */,
				65E052062F9AFEE300628D48 /* 16.png in Resources */,
				65E052032F9AFEE300628D48 /* background.js in Resources */,
				65E052092F9AFEE300628D48 /* manifest.json in Resources */,
				65E0520A2F9AFEE300628D48 /* assets in Resources */,
				65E052072F9AFEE300628D48 /* main.js in Resources */,
				65E0520B2F9AFEE300628D48 /* src in Resources */,
				65E052022F9AFEE300628D48 /* index.html in Resources */,
				65E052082F9AFEE300628D48 /* 32.png in Resources */,
				65E052052F9AFEE300628D48 /* options.js in Resources */,
			);
			runOnlyForDeploymentPostprocessing = 0;
		};
/* End PBXResourcesBuildPhase section */

/* Begin PBXSourcesBuildPhase section */
		65E051C52F9AFEE100628D48 /* Sources */ = {
			isa = PBXSourcesBuildPhase;
			buildActionMask = 2147483647;
			files = (
				65E051D92F9AFEE200628D48 /* ViewController.swift in Sources */,
				65E051CD2F9AFEE100628D48 /* AppDelegate.swift in Sources */,
			);
			runOnlyForDeploymentPostprocessing = 0;
		};
		65E051E02F9AFEE300628D48 /* Sources */ = {
			isa = PBXSourcesBuildPhase;
			buildActionMask = 2147483647;
			files = (
				65E051EA2F9AFEE300628D48 /* SafariWebExtensionHandler.swift in Sources */,
			);
			runOnlyForDeploymentPostprocessing = 0;
		};
/* End PBXSourcesBuildPhase section */

/* Begin PBXTargetDependency section */
		65E051E72F9AFEE300628D48 /* PBXTargetDependency */ = {
			isa = PBXTargetDependency;
			target = 65E051E32F9AFEE300628D48 /* Linkwarden Extension */;
			targetProxy = 65E051E62F9AFEE300628D48 /* PBXContainerItemProxy */;
		};
/* End PBXTargetDependency section */

/* Begin PBXVariantGroup section */
		65E051CF2F9AFEE100628D48 /* Main.html */ = {
			isa = PBXVariantGroup;
			children = (
				65E051D02F9AFEE100628D48 /* Base */,
			);
			name = Main.html;
			sourceTree = "<group>";
		};
		65E051DA2F9AFEE200628D48 /* Main.storyboard */ = {
			isa = PBXVariantGroup;
			children = (
				65E051DB2F9AFEE200628D48 /* Base */,
			);
			name = Main.storyboard;
			sourceTree = "<group>";
		};
/* End PBXVariantGroup section */

/* Begin XCBuildConfiguration section */
		65E051EC2F9AFEE300628D48 /* Debug */ = {
			isa = XCBuildConfiguration;
			buildSettings = {
				ALWAYS_SEARCH_USER_PATHS = NO;
				ASSETCATALOG_COMPILER_GENERATE_SWIFT_ASSET_SYMBOL_EXTENSIONS = YES;
				CLANG_ANALYZER_NONNULL = YES;
				CLANG_ANALYZER_NUMBER_OBJECT_CONVERSION = YES_AGGRESSIVE;
				CLANG_CXX_LANGUAGE_STANDARD = "gnu++20";
				CLANG_ENABLE_MODULES = YES;
				CLANG_ENABLE_OBJC_ARC = YES;
				CLANG_ENABLE_OBJC_WEAK = YES;
				CLANG_WARN_BLOCK_CAPTURE_AUTORELEASING = YES;
				CLANG_WARN_BOOL_CONVERSION = YES;
				CLANG_WARN_COMMA = YES;
				CLANG_WARN_CONSTANT_CONVERSION = YES;
				CLANG_WARN_DEPRECATED_OBJC_IMPLEMENTATIONS = YES;
				CLANG_WARN_DIRECT_OBJC_ISA_USAGE = YES_ERROR;
				CLANG_WARN_DOCUMENTATION_COMMENTS = YES;
				CLANG_WARN_EMPTY_BODY = YES;
				CLANG_WARN_ENUM_CONVERSION = YES;
				CLANG_WARN_INFINITE_RECURSION = YES;
				CLANG_WARN_INT_CONVERSION = YES;
				CLANG_WARN_NON_LITERAL_NULL_CONVERSION = YES;
				CLANG_WARN_OBJC_IMPLICIT_RETAIN_SELF = YES;
				CLANG_WARN_OBJC_LITERAL_CONVERSION = YES;
				CLANG_WARN_OBJC_ROOT_CLASS = YES_ERROR;
				CLANG_WARN_QUOTED_INCLUDE_IN_FRAMEWORK_HEADER = YES;
				CLANG_WARN_RANGE_LOOP_ANALYSIS = YES;
				CLANG_WARN_STRICT_PROTOTYPES = YES;
				CLANG_WARN_SUSPICIOUS_MOVE = YES;
				CLANG_WARN_UNGUARDED_AVAILABILITY = YES_AGGRESSIVE;
				CLANG_WARN_UNREACHABLE_CODE = YES;
				CLANG_WARN__DUPLICATE_METHOD_MATCH = YES;
				COPY_PHASE_STRIP = NO;
				DEBUG_INFORMATION_FORMAT = dwarf;
				ENABLE_STRICT_OBJC_MSGSEND = YES;
				ENABLE_TESTABILITY = YES;
				ENABLE_USER_SCRIPT_SANDBOXING = YES;
				GCC_C_LANGUAGE_STANDARD = gnu17;
				GCC_DYNAMIC_NO_PIC = NO;
				GCC_NO_COMMON_BLOCKS = YES;
				GCC_OPTIMIZATION_LEVEL = 0;
				GCC_PREPROCESSOR_DEFINITIONS = (
					"DEBUG=1",
					"$(inherited)",
				);
				GCC_WARN_64_TO_32_BIT_CONVERSION = YES;
				GCC_WARN_ABOUT_RETURN_TYPE = YES_ERROR;
				GCC_WARN_UNDECLARED_SELECTOR = YES;
				GCC_WARN_UNINITIALIZED_AUTOS = YES_AGGRESSIVE;
				GCC_WARN_UNUSED_FUNCTION = YES;
				GCC_WARN_UNUSED_VARIABLE = YES;
				LOCALIZATION_PREFERS_STRING_CATALOGS = YES;
				MACOSX_DEPLOYMENT_TARGET = 26.1;
				MTL_ENABLE_DEBUG_INFO = INCLUDE_SOURCE;
				MTL_FAST_MATH = YES;
				ONLY_ACTIVE_ARCH = YES;
				SDKROOT = macosx;
				SWIFT_ACTIVE_COMPILATION_CONDITIONS = "DEBUG $(inherited)";
				SWIFT_OPTIMIZATION_LEVEL = "-Onone";
			};
			name = Debug;
		};
		65E051ED2F9AFEE300628D48 /* Release */ = {
			isa = XCBuildConfiguration;
			buildSettings = {
				ALWAYS_SEARCH_USER_PATHS = NO;
				ASSETCATALOG_COMPILER_GENERATE_SWIFT_ASSET_SYMBOL_EXTENSIONS = YES;
				CLANG_ANALYZER_NONNULL = YES;
				CLANG_ANALYZER_NUMBER_OBJECT_CONVERSION = YES_AGGRESSIVE;
				CLANG_CXX_LANGUAGE_STANDARD = "gnu++20";
				CLANG_ENABLE_MODULES = YES;
				CLANG_ENABLE_OBJC_ARC = YES;
				CLANG_ENABLE_OBJC_WEAK = YES;
				CLANG_WARN_BLOCK_CAPTURE_AUTORELEASING = YES;
				CLANG_WARN_BOOL_CONVERSION = YES;
				CLANG_WARN_COMMA = YES;
				CLANG_WARN_CONSTANT_CONVERSION = YES;
				CLANG_WARN_DEPRECATED_OBJC_IMPLEMENTATIONS = YES;
				CLANG_WARN_DIRECT_OBJC_ISA_USAGE = YES_ERROR;
				CLANG_WARN_DOCUMENTATION_COMMENTS = YES;
				CLANG_WARN_EMPTY_BODY = YES;
				CLANG_WARN_ENUM_CONVERSION = YES;
				CLANG_WARN_INFINITE_RECURSION = YES;
				CLANG_WARN_INT_CONVERSION = YES;
				CLANG_WARN_NON_LITERAL_NULL_CONVERSION = YES;
				CLANG_WARN_OBJC_IMPLICIT_RETAIN_SELF = YES;
				CLANG_WARN_OBJC_LITERAL_CONVERSION = YES;
				CLANG_WARN_OBJC_ROOT_CLASS = YES_ERROR;
				CLANG_WARN_QUOTED_INCLUDE_IN_FRAMEWORK_HEADER = YES;
				CLANG_WARN_RANGE_LOOP_ANALYSIS = YES;
				CLANG_WARN_STRICT_PROTOTYPES = YES;
				CLANG_WARN_SUSPICIOUS_MOVE = YES;
				CLANG_WARN_UNGUARDED_AVAILABILITY = YES_AGGRESSIVE;
				CLANG_WARN_UNREACHABLE_CODE = YES;
				CLANG_WARN__DUPLICATE_METHOD_MATCH = YES;
				COPY_PHASE_STRIP = NO;
				DEBUG_INFORMATION_FORMAT = "dwarf-with-dsym";
				ENABLE_NS_ASSERTIONS = NO;
				ENABLE_STRICT_OBJC_MSGSEND = YES;
				ENABLE_USER_SCRIPT_SANDBOXING = YES;
				GCC_C_LANGUAGE_STANDARD = gnu17;
				GCC_NO_COMMON_BLOCKS = YES;
				GCC_WARN_64_TO_32_BIT_CONVERSION = YES;
				GCC_WARN_ABOUT_RETURN_TYPE = YES_ERROR;
				GCC_WARN_UNDECLARED_SELECTOR = YES;
				GCC_WARN_UNINITIALIZED_AUTOS = YES_AGGRESSIVE;
				GCC_WARN_UNUSED_FUNCTION = YES;
				GCC_WARN_UNUSED_VARIABLE = YES;
				LOCALIZATION_PREFERS_STRING_CATALOGS = YES;
				MACOSX_DEPLOYMENT_TARGET = 26.1;
				MTL_ENABLE_DEBUG_INFO = NO;
				MTL_FAST_MATH = YES;
				SDKROOT = macosx;
				SWIFT_COMPILATION_MODE = wholemodule;
			};
			name = Release;
		};
		65E051EF2F9AFEE300628D48 /* Debug */ = {
			isa = XCBuildConfiguration;
			buildSettings = {
				CODE_SIGN_STYLE = Automatic;
				CURRENT_PROJECT_VERSION = 1;
				DEVELOPMENT_TEAM = FZ44882Y36;
				ENABLE_APP_SANDBOX = YES;
				ENABLE_HARDENED_RUNTIME = YES;
				ENABLE_USER_SELECTED_FILES = readonly;
				GENERATE_INFOPLIST_FILE = YES;
				INFOPLIST_FILE = "Linkwarden Extension/Info.plist";
				INFOPLIST_KEY_CFBundleDisplayName = "Linkwarden for Safari";
				INFOPLIST_KEY_NSHumanReadableCopyright = "";
				LD_RUNPATH_SEARCH_PATHS = (
					"$(inherited)",
					"@executable_path/../Frameworks",
					"@executable_path/../../../../Frameworks",
				);
				MACOSX_DEPLOYMENT_TARGET = 13.0;
				MARKETING_VERSION = 1.5.4;
				OTHER_LDFLAGS = (
					"-framework",
					SafariServices,
				);
				PRODUCT_BUNDLE_IDENTIFIER = app.linkwarden.extension.safari;
				PRODUCT_NAME = "$(TARGET_NAME)";
				SKIP_INSTALL = YES;
				STRING_CATALOG_GENERATE_SYMBOLS = YES;
				SWIFT_APPROACHABLE_CONCURRENCY = YES;
				SWIFT_EMIT_LOC_STRINGS = YES;
				SWIFT_UPCOMING_FEATURE_MEMBER_IMPORT_VISIBILITY = YES;
				SWIFT_VERSION = 5.0;
			};
			name = Debug;
		};
		65E051F02F9AFEE300628D48 /* Release */ = {
			isa = XCBuildConfiguration;
			buildSettings = {
				CODE_SIGN_STYLE = Automatic;
				CURRENT_PROJECT_VERSION = 1;
				DEVELOPMENT_TEAM = FZ44882Y36;
				ENABLE_APP_SANDBOX = YES;
				ENABLE_HARDENED_RUNTIME = YES;
				ENABLE_USER_SELECTED_FILES = readonly;
				GENERATE_INFOPLIST_FILE = YES;
				INFOPLIST_FILE = "Linkwarden Extension/Info.plist";
				INFOPLIST_KEY_CFBundleDisplayName = "Linkwarden for Safari";
				INFOPLIST_KEY_NSHumanReadableCopyright = "";
				"INFOPLIST_KEY_NSHumanReadableCopyright[sdk=*]" = "Copyright © 2026 Linkwarden. All rights reserved.";
				LD_RUNPATH_SEARCH_PATHS = (
					"$(inherited)",
					"@executable_path/../Frameworks",
					"@executable_path/../../../../Frameworks",
				);
				MACOSX_DEPLOYMENT_TARGET = 13.0;
				MARKETING_VERSION = 1.5.4;
				OTHER_LDFLAGS = (
					"-framework",
					SafariServices,
				);
				PRODUCT_BUNDLE_IDENTIFIER = app.linkwarden.extension.safari;
				PRODUCT_NAME = "$(TARGET_NAME)";
				SKIP_INSTALL = YES;
				STRING_CATALOG_GENERATE_SYMBOLS = YES;
				SWIFT_APPROACHABLE_CONCURRENCY = YES;
				SWIFT_EMIT_LOC_STRINGS = YES;
				SWIFT_UPCOMING_FEATURE_MEMBER_IMPORT_VISIBILITY = YES;
				SWIFT_VERSION = 5.0;
			};
			name = Release;
		};
		65E051F32F9AFEE300628D48 /* Debug */ = {
			isa = XCBuildConfiguration;
			buildSettings = {
				ASSETCATALOG_COMPILER_APPICON_NAME = AppIcon;
				ASSETCATALOG_COMPILER_GLOBAL_ACCENT_COLOR_NAME = AccentColor;
				ASSETCATALOG_COMPILER_INCLUDE_ALL_APPICON_ASSETS = NO;
				CODE_SIGN_STYLE = Automatic;
				COMBINE_HIDPI_IMAGES = YES;
				CURRENT_PROJECT_VERSION = 1;
				DEVELOPMENT_TEAM = FZ44882Y36;
				ENABLE_APP_SANDBOX = YES;
				ENABLE_HARDENED_RUNTIME = YES;
				ENABLE_OUTGOING_NETWORK_CONNECTIONS = YES;
				ENABLE_USER_SELECTED_FILES = readonly;
				GENERATE_INFOPLIST_FILE = YES;
				INFOPLIST_FILE = Linkwarden/Info.plist;
				INFOPLIST_KEY_CFBundleDisplayName = "Linkwarden for Safari";
				INFOPLIST_KEY_LSApplicationCategoryType = "public.app-category.productivity";
				INFOPLIST_KEY_NSHumanReadableCopyright = "";
				INFOPLIST_KEY_NSMainStoryboardFile = Main;
				INFOPLIST_KEY_NSPrincipalClass = NSApplication;
				LD_RUNPATH_SEARCH_PATHS = (
					"$(inherited)",
					"@executable_path/../Frameworks",
				);
				MARKETING_VERSION = 1.5.4;
				OTHER_LDFLAGS = (
					"-framework",
					SafariServices,
					"-framework",
					WebKit,
				);
				PRODUCT_BUNDLE_IDENTIFIER = app.linkwarden.extension;
				PRODUCT_NAME = "$(TARGET_NAME)";
				REGISTER_APP_GROUPS = YES;
				STRING_CATALOG_GENERATE_SYMBOLS = YES;
				SWIFT_APPROACHABLE_CONCURRENCY = YES;
				SWIFT_DEFAULT_ACTOR_ISOLATION = MainActor;
				SWIFT_EMIT_LOC_STRINGS = YES;
				SWIFT_UPCOMING_FEATURE_MEMBER_IMPORT_VISIBILITY = YES;
				SWIFT_VERSION = 5.0;
			};
			name = Debug;
		};
		65E051F42F9AFEE300628D48 /* Release */ = {
			isa = XCBuildConfiguration;
			buildSettings = {
				ASSETCATALOG_COMPILER_APPICON_NAME = AppIcon;
				ASSETCATALOG_COMPILER_GLOBAL_ACCENT_COLOR_NAME = AccentColor;
				ASSETCATALOG_COMPILER_INCLUDE_ALL_APPICON_ASSETS = NO;
				CODE_SIGN_STYLE = Automatic;
				COMBINE_HIDPI_IMAGES = YES;
				CURRENT_PROJECT_VERSION = 1;
				DEVELOPMENT_TEAM = FZ44882Y36;
				ENABLE_APP_SANDBOX = YES;
				ENABLE_HARDENED_RUNTIME = YES;
				ENABLE_OUTGOING_NETWORK_CONNECTIONS = YES;
				ENABLE_USER_SELECTED_FILES = readonly;
				GENERATE_INFOPLIST_FILE = YES;
				INFOPLIST_FILE = Linkwarden/Info.plist;
				INFOPLIST_KEY_CFBundleDisplayName = "Linkwarden for Safari";
				INFOPLIST_KEY_LSApplicationCategoryType = "public.app-category.productivity";
				INFOPLIST_KEY_NSHumanReadableCopyright = "";
				"INFOPLIST_KEY_NSHumanReadableCopyright[sdk=*]" = "Copyright © 2026 Linkwarden. All rights reserved.";
				INFOPLIST_KEY_NSMainStoryboardFile = Main;
				INFOPLIST_KEY_NSPrincipalClass = NSApplication;
				LD_RUNPATH_SEARCH_PATHS = (
					"$(inherited)",
					"@executable_path/../Frameworks",
				);
				MARKETING_VERSION = 1.5.4;
				OTHER_LDFLAGS = (
					"-framework",
					SafariServices,
					"-framework",
					WebKit,
				);
				PRODUCT_BUNDLE_IDENTIFIER = app.linkwarden.extension;
				PRODUCT_NAME = "$(TARGET_NAME)";
				REGISTER_APP_GROUPS = YES;
				STRING_CATALOG_GENERATE_SYMBOLS = YES;
				SWIFT_APPROACHABLE_CONCURRENCY = YES;
				SWIFT_DEFAULT_ACTOR_ISOLATION = MainActor;
				SWIFT_EMIT_LOC_STRINGS = YES;
				SWIFT_UPCOMING_FEATURE_MEMBER_IMPORT_VISIBILITY = YES;
				SWIFT_VERSION = 5.0;
			};
			name = Release;
		};
/* End XCBuildConfiguration section */

/* Begin XCConfigurationList section */
		65E051C42F9AFEE100628D48 /* Build configuration list for PBXProject "Linkwarden" */ = {
			isa = XCConfigurationList;
			buildConfigurations = (
				65E051EC2F9AFEE300628D48 /* Debug */,
				65E051ED2F9AFEE300628D48 /* Release */,
			);
			defaultConfigurationIsVisible = 0;
			defaultConfigurationName = Release;
		};
		65E051EE2F9AFEE300628D48 /* Build configuration list for PBXNativeTarget "Linkwarden Extension" */ = {
			isa = XCConfigurationList;
			buildConfigurations = (
				65E051EF2F9AFEE300628D48 /* Debug */,
				65E051F02F9AFEE300628D48 /* Release */,
			);
			defaultConfigurationIsVisible = 0;
			defaultConfigurationName = Release;
		};
		65E051F22F9AFEE300628D48 /* Build configuration list for PBXNativeTarget "Linkwarden for Safari" */ = {
			isa = XCConfigurationList;
			buildConfigurations = (
				65E051F32F9AFEE300628D48 /* Debug */,
				65E051F42F9AFEE300628D48 /* Release */,
			);
			defaultConfigurationIsVisible = 0;
			defaultConfigurationName = Release;
		};
/* End XCConfigurationList section */
	};
	rootObject = 65E051C12F9AFEE100628D48 /* Project object */;
}
